hash: 4f209a3209739f36d7d1c25e87ec1cb85724d9eecb00f65a2fea13e6ed86652c
updated: 2018-06-29T15:16:20.4310054-04:00
imports:
- name: github.com/aymerick/raymond
  version: b565731e1464263de0bda75f2e45d97b54b60110
  subpackages:
  - ast
  - lexer
  - parser
- name: github.com/BurntSushi/toml
  version: a368813c5e648fee92e5f6c30e3944ff9d5e8895
- name: github.com/eknkc/amber
  version: cdade1c073850f4ffc70a829e31235ea6892853b
  subpackages:
  - parser
- name: github.com/fatih/structs
  version: ebf56d35bba727c68ac77f56f2fcf90b181851aa
- name: github.com/flosch/pongo2
  version: 67f4ff8560dfa2b00920118f228c0a2f68760631
- name: github.com/ghodss/yaml
  version: 0ca9ea5df5451ffdf184b4428c902747c2c11cd7
- name: github.com/go-yaml/yaml
  version: 5420a8b6744d3b0345ab293f6fcba19c978f1183
- name: github.com/gogo/protobuf
  version: c0656edd0d9eab7c66d1eb0c568f9039345796f7
  subpackages:
  - proto
  - sortkeys
- name: github.com/golang/glog
  version: 44145f04b68cf362d9c4df2182967c2275eaefed
- name: github.com/golang/protobuf
  version: b4deda0973fb4c70b50d226b1af49f3da59f5265
  subpackages:
  - proto
  - ptypes
  - ptypes/any
  - ptypes/duration
  - ptypes/timestamp
- name: github.com/google/gofuzz
  version: 44d81051d367757e1c7c6a5a86423ece9afcf63c
- name: github.com/googleapis/gnostic
  version: 0c5108395e2debce0d731cf0287ddf7242066aba
  subpackages:
  - OpenAPIv2
  - compiler
  - extensions
- name: github.com/gorilla/websocket
  version: ea4d1f681babbce9545c9c5f3d5194a789c89f5b
- name: github.com/hashicorp/go-version
  version: 23480c0665776210b5fbbac6eaaee40e3e6a96b7
- name: github.com/howeyc/gopass
  version: bf9dde6d0d2c004a008c27aaee91170c786f6db8
- name: github.com/imdario/mergo
  version: 6633656539c1639d9d78127b7d47c622b5d7b6dc
- name: github.com/iris-contrib/formBinder
  version: ad9fb86c356f971f30319c40ddbdcf72129a2791
- name: github.com/Joker/jade
  version: 8828253bfc54f2f91aaef5f32b44a244b0a98e4f
- name: github.com/json-iterator/go
  version: 13f86432b882000a51c6e610c620974462691a97
- name: github.com/juju/errors
  version: c7d06af17c68cd34c835053720b21f6549d9b0ee
- name: github.com/kataras/golog
  version: 03be101463868edc5a81f094fc68a5f6c1b5503a
- name: github.com/kataras/iris
  version: eba6adbd78bb547b220f7fe7fbda331532134e87
  subpackages:
  - cache
  - cache/cfg
  - cache/client
  - cache/client/rule
  - cache/entry
  - cache/ruleset
  - cache/uri
  - context
  - core/errors
  - core/handlerconv
  - core/host
  - core/maintenance
  - core/maintenance/version
  - core/memstore
  - core/netutil
  - core/router
  - core/router/macro
  - core/router/macro/interpreter/ast
  - core/router/macro/interpreter/lexer
  - core/router/macro/interpreter/parser
  - core/router/macro/interpreter/token
  - core/router/node
  - middleware/logger
  - middleware/recover
  - view
- name: github.com/kataras/pio
  version: a9733b5b6b83d32b479aacd51d26ef6018261963
  subpackages:
  - terminal
- name: github.com/kataras/survey
  version: 00934ae069eda15df26fa427ac393e67e239380c
  subpackages:
  - core
  - terminal
- name: github.com/klauspost/compress
  version: a17685a03bf4c0a9219e110eb90e028b36193570
  subpackages:
  - flate
  - gzip
- name: github.com/klauspost/cpuid
  version: e7e905edc00ea8827e58662220139109efea09db
- name: github.com/mattn/go-colorable
  version: efa589957cd060542a26d2dd7832fd6a6c6c3ade
- name: github.com/mattn/go-isatty
  version: 6ca4dbf54d38eea1a992b3c722a76a5d1c4cb25c
- name: github.com/mgutz/ansi
  version: 9520e82c474b0a04dd04f8a40959027271bab992
- name: github.com/microcosm-cc/bluemonday
  version: f0761eb8ed07c1cc892ef631b00c33463b9b6868
- name: github.com/rs/xid
  version: 2c7e97ce663ff82c49656bca3048df0fdd83c5f9
- name: github.com/ryanuber/columnize
  version: abc90934186a77966e2beeac62ed966aac0561d5
- name: github.com/satori/go.uuid
  version: 36e9d2ebbde5e3f13ab2e25625fd453271d6522e
- name: github.com/shurcooL/sanitized_anchor_name
  version: 86672fcb3f950f35f2e675df2240550f2a50762f
- name: github.com/soheilhy/cmux
  version: e09e9389d85d8492d313d73d1469c029e710623f
- name: github.com/spf13/pflag
  version: 4c012f6dcd9546820e378d0bdda4d8fc772cdfea
- name: github.com/Workiva/go-datastructures
  version: f338bf48899950e415caffa02222a7273fbdeaf6
  subpackages:
  - queue
- name: golang.org/x/crypto
  version: 81e90905daefcd6fd217b62423c0908922eadb30
  subpackages:
  - acme
  - acme/autocert
  - ssh/terminal
- name: golang.org/x/net
  version: 1c05540f6879653db88113bc4a2b70aec4bd491f
  subpackages:
  - context
  - html
  - html/atom
  - http2
  - http2/hpack
  - idna
  - internal/timeseries
  - lex/httplex
  - trace
- name: golang.org/x/sync
  version: 1d60e4601c6fd243af51cc01ddf169918a5407ca
  subpackages:
  - errgroup
- name: golang.org/x/sys
  version: 95c6576299259db960f6c5b9b69ea52422860fce
  subpackages:
  - unix
  - windows
- name: golang.org/x/text
  version: b19bf474d317b857955b12035d2c5acb57ce8b01
  subpackages:
  - secure/bidirule
  - transform
  - unicode/bidi
  - unicode/norm
- name: golang.org/x/time
  version: f51c12702a4d776e4c1fa9b0fabab841babae631
  subpackages:
  - rate
- name: google.golang.org/genproto
  version: ff3583edef7de132f219f0efc00e097cabcc0ec0
  subpackages:
  - googleapis/rpc/status
- name: google.golang.org/grpc
  version: 168a6198bcb0ef175f7dacec0b8691fc141dc9b8
  subpackages:
  - balancer
  - balancer/base
  - balancer/roundrobin
  - codes
  - connectivity
  - credentials
  - encoding
  - encoding/proto
  - grpclog
  - internal
  - internal/backoff
  - internal/channelz
  - internal/grpcrand
  - keepalive
  - metadata
  - naming
  - peer
  - resolver
  - resolver/dns
  - resolver/passthrough
  - stats
  - status
  - tap
  - transport
- name: gopkg.in/inf.v0
  version: 3887ee99ecf07df5b447e9b00d9c0b2adaa9f3e4
- name: gopkg.in/russross/blackfriday.v2
  version: cadec560ec52d93835bf2f15bd794700d3a2473b
- name: gopkg.in/yaml.v2
  version: 670d4cfef0544295bc27a114dbac37980d83185a
- name: k8s.io/api
  version: 73d903622b7391f3312dcbac6483fed484e185f8
  subpackages:
  - admissionregistration/v1alpha1
  - admissionregistration/v1beta1
  - apps/v1
  - apps/v1beta1
  - apps/v1beta2
  - authentication/v1
  - authentication/v1beta1
  - authorization/v1
  - authorization/v1beta1
  - autoscaling/v1
  - autoscaling/v2beta1
  - batch/v1
  - batch/v1beta1
  - batch/v2alpha1
  - certificates/v1beta1
  - core/v1
  - events/v1beta1
  - extensions/v1beta1
  - networking/v1
  - policy/v1beta1
  - rbac/v1
  - rbac/v1alpha1
  - rbac/v1beta1
  - scheduling/v1alpha1
  - settings/v1alpha1
  - storage/v1
  - storage/v1alpha1
  - storage/v1beta1
- name: k8s.io/apimachinery
  version: 302974c03f7e50f16561ba237db776ab93594ef6
  subpackages:
  - pkg/api/errors
  - pkg/api/meta
  - pkg/api/resource
  - pkg/apis/meta/v1
  - pkg/apis/meta/v1/unstructured
  - pkg/apis/meta/v1beta1
  - pkg/conversion
  - pkg/conversion/queryparams
  - pkg/fields
  - pkg/labels
  - pkg/runtime
  - pkg/runtime/schema
  - pkg/runtime/serializer
  - pkg/runtime/serializer/json
  - pkg/runtime/serializer/protobuf
  - pkg/runtime/serializer/recognizer
  - pkg/runtime/serializer/streaming
  - pkg/runtime/serializer/versioning
  - pkg/selection
  - pkg/types
  - pkg/util/clock
  - pkg/util/errors
  - pkg/util/framer
  - pkg/util/intstr
  - pkg/util/json
  - pkg/util/net
  - pkg/util/runtime
  - pkg/util/sets
  - pkg/util/validation
  - pkg/util/validation/field
  - pkg/util/wait
  - pkg/util/yaml
  - pkg/version
  - pkg/watch
  - third_party/forked/golang/reflect
- name: k8s.io/client-go
  version: 23781f4d6632d88e869066eaebb743857aa1ef9b
  subpackages:
  - discovery
  - kubernetes
  - kubernetes/scheme
  - kubernetes/typed/admissionregistration/v1alpha1
  - kubernetes/typed/admissionregistration/v1beta1
  - kubernetes/typed/apps/v1
  - kubernetes/typed/apps/v1beta1
  - kubernetes/typed/apps/v1beta2
  - kubernetes/typed/authentication/v1
  - kubernetes/typed/authentication/v1beta1
  - kubernetes/typed/authorization/v1
  - kubernetes/typed/authorization/v1beta1
  - kubernetes/typed/autoscaling/v1
  - kubernetes/typed/autoscaling/v2beta1
  - kubernetes/typed/batch/v1
  - kubernetes/typed/batch/v1beta1
  - kubernetes/typed/batch/v2alpha1
  - kubernetes/typed/certificates/v1beta1
  - kubernetes/typed/core/v1
  - kubernetes/typed/events/v1beta1
  - kubernetes/typed/extensions/v1beta1
  - kubernetes/typed/networking/v1
  - kubernetes/typed/policy/v1beta1
  - kubernetes/typed/rbac/v1
  - kubernetes/typed/rbac/v1alpha1
  - kubernetes/typed/rbac/v1beta1
  - kubernetes/typed/scheduling/v1alpha1
  - kubernetes/typed/settings/v1alpha1
  - kubernetes/typed/storage/v1
  - kubernetes/typed/storage/v1alpha1
  - kubernetes/typed/storage/v1beta1
  - pkg/apis/clientauthentication
  - pkg/apis/clientauthentication/v1alpha1
  - pkg/version
  - plugin/pkg/client/auth/exec
  - rest
  - rest/watch
  - tools/auth
  - tools/clientcmd
  - tools/clientcmd/api
  - tools/clientcmd/api/latest
  - tools/clientcmd/api/v1
  - tools/metrics
  - tools/reference
  - transport
  - util/cert
  - util/flowcontrol
  - util/homedir
  - util/integer
testImports: []
